{
  "nodes": {
    "brew-src": {
      "flake": false,
      "locked": {
        "lastModified": 1705326576,
        "narHash": "sha256-9PvMgHgdbpb5vBO8fHCRufodR731ynzGMF9+68vKWck=",
        "owner": "Homebrew",
        "repo": "brew",
        "rev": "1c612baa096c69f2fcb221c74e6f5b9979efdcee",
        "type": "github"
      },
      "original": {
        "owner": "Homebrew",
        "ref": "4.2.4",
        "repo": "brew",
        "type": "github"
      }
    },
    "darwin": {
      "inputs": {
        "nixpkgs": [
          "nixpkgs"
        ]
      },
      "locked": {
        "lastModified": 1710717205,
        "narHash": "sha256-Wf3gHh5uV6W1TV/A8X8QJf99a5ypDSugY4sNtdJDe0A=",
        "owner": "LnL7",
        "repo": "nix-darwin",
        "rev": "bcc8afd06e237df060c85bad6af7128e05fd61a3",
        "type": "github"
      },
      "original": {
        "owner": "LnL7",
        "ref": "master",
        "repo": "nix-darwin",
        "type": "github"
      }
    },
    "flake-compat": {
      "flake": false,
      "locked": {
        "lastModified": 1696426674,
        "narHash": "sha256-kvjfFW7WAETZlt09AgDn1MrtKzP7t90Vf7vypd3OL1U=",
        "owner": "edolstra",
        "repo": "flake-compat",
        "rev": "0f9255e01c2351cc7d116c072cb317785dd33b33",
        "type": "github"
      },
      "original": {
        "owner": "edolstra",
        "repo": "flake-compat",
        "type": "github"
      }
    },
    "flake-parts": {
      "inputs": {
        "nixpkgs-lib": [
          "neovim-nightly-overlay",
          "nixpkgs"
        ]
      },
      "locked": {
        "lastModified": 1709336216,
        "narHash": "sha256-Dt/wOWeW6Sqm11Yh+2+t0dfEWxoMxGBvv3JpIocFl9E=",
        "owner": "hercules-ci",
        "repo": "flake-parts",
        "rev": "f7b3c975cf067e56e7cda6cb098ebe3fb4d74ca2",
        "type": "github"
      },
      "original": {
        "owner": "hercules-ci",
        "repo": "flake-parts",
        "type": "github"
      }
    },
    "flake-parts_2": {
      "inputs": {
        "nixpkgs-lib": [
          "neovim-nightly-overlay",
          "hercules-ci-effects",
          "nixpkgs"
        ]
      },
      "locked": {
        "lastModified": 1709336216,
        "narHash": "sha256-Dt/wOWeW6Sqm11Yh+2+t0dfEWxoMxGBvv3JpIocFl9E=",
        "owner": "hercules-ci",
        "repo": "flake-parts",
        "rev": "f7b3c975cf067e56e7cda6cb098ebe3fb4d74ca2",
        "type": "github"
      },
      "original": {
        "id": "flake-parts",
        "type": "indirect"
      }
    },
    "flake-utils": {
      "inputs": {
        "systems": "systems"
      },
      "locked": {
        "lastModified": 1701680307,
        "narHash": "sha256-kAuep2h5ajznlPMD9rnQyffWG8EM/C73lejGofXvdM8=",
        "owner": "numtide",
        "repo": "flake-utils",
        "rev": "4022d587cbbfd70fe950c1e2083a02621806a725",
        "type": "github"
      },
      "original": {
        "owner": "numtide",
        "repo": "flake-utils",
        "type": "github"
      }
    },
    "flake-utils_2": {
      "inputs": {
        "systems": "systems_2"
      },
      "locked": {
        "lastModified": 1687709756,
        "narHash": "sha256-Y5wKlQSkgEK2weWdOu4J3riRd+kV/VCgHsqLNTTWQ/0=",
        "owner": "numtide",
        "repo": "flake-utils",
        "rev": "dbabf0ca0c0c4bce6ea5eaf65af5cb694d2082c7",
        "type": "github"
      },
      "original": {
        "owner": "numtide",
        "repo": "flake-utils",
        "type": "github"
      }
    },
    "hercules-ci-effects": {
      "inputs": {
        "flake-parts": "flake-parts_2",
        "nixpkgs": [
          "neovim-nightly-overlay",
          "nixpkgs"
        ]
      },
      "locked": {
        "lastModified": 1710478346,
        "narHash": "sha256-Xjf8BdnQG0tLhPMlqQdwCIjOp7Teox0DP3N/jjyiGM4=",
        "owner": "hercules-ci",
        "repo": "hercules-ci-effects",
        "rev": "64e7763d72c1e4c1e5e6472640615b6ae2d40fbf",
        "type": "github"
      },
      "original": {
        "owner": "hercules-ci",
        "repo": "hercules-ci-effects",
        "type": "github"
      }
    },
    "home-manager": {
      "inputs": {
        "nixpkgs": [
          "nixpkgs"
        ]
      },
      "locked": {
        "lastModified": 1710820906,
        "narHash": "sha256-2bNMraoRB4pdw/HtxgYTFeMhEekBZeQ53/a8xkqpbZc=",
        "owner": "nix-community",
        "repo": "home-manager",
        "rev": "022464438a85450abb23d93b91aa82e0addd71fb",
        "type": "github"
      },
      "original": {
        "owner": "nix-community",
        "repo": "home-manager",
        "type": "github"
      }
    },
    "homebrew-bundle": {
      "flake": false,
      "locked": {
        "lastModified": 1710458677,
        "narHash": "sha256-m8JAD5OwtXS7Et4Zq1ElHnBxt+gk4yWMCkiOk8VvrGE=",
        "owner": "homebrew",
        "repo": "homebrew-bundle",
        "rev": "faf12b3096f5e05aba220c380cfff6a223572917",
        "type": "github"
      },
      "original": {
        "owner": "homebrew",
        "repo": "homebrew-bundle",
        "type": "github"
      }
    },
    "homebrew-cask": {
      "flake": false,
      "locked": {
        "lastModified": 1710931582,
        "narHash": "sha256-Yb/VEzb8RuXaOLrznJ62grMzHsxSTaCwqj3YBFC6uTg=",
        "owner": "homebrew",
        "repo": "homebrew-cask",
        "rev": "ca7335089e629e4cc39462092752a7473bf872fb",
        "type": "github"
      },
      "original": {
        "owner": "homebrew",
        "repo": "homebrew-cask",
        "type": "github"
      }
    },
    "homebrew-core": {
      "flake": false,
      "locked": {
        "lastModified": 1710935536,
        "narHash": "sha256-PyrVoYgK47tOy3Qhc6VZSIBaygvLM960AQzFMjWwZNw=",
        "owner": "homebrew",
        "repo": "homebrew-core",
        "rev": "4dabb305a8a6b46b875c0be315feed20689f2943",
        "type": "github"
      },
      "original": {
        "owner": "homebrew",
        "repo": "homebrew-core",
        "type": "github"
      }
    },
    "neovim-flake": {
      "inputs": {
        "flake-utils": "flake-utils",
        "nixpkgs": [
          "neovim-nightly-overlay",
          "nixpkgs"
        ]
      },
      "locked": {
        "dir": "contrib",
        "lastModified": 1711147405,
        "narHash": "sha256-tJmZLin6riJSEHrBhTbi/CMHrC4QFiCecanXIRX4DRk=",
        "owner": "neovim",
        "repo": "neovim",
        "rev": "a44ac26c752028d50eaff5d39fadb8115c2ddaa9",
        "type": "github"
      },
      "original": {
        "dir": "contrib",
        "owner": "neovim",
        "repo": "neovim",
        "type": "github"
      }
    },
    "neovim-nightly-overlay": {
      "inputs": {
        "flake-compat": "flake-compat",
        "flake-parts": "flake-parts",
        "hercules-ci-effects": "hercules-ci-effects",
        "neovim-flake": "neovim-flake",
        "nixpkgs": "nixpkgs"
      },
      "locked": {
        "lastModified": 1711152337,
        "narHash": "sha256-iYOXeZr3oY7a0fFMhE8LzrDun2/lnDqX4t4GX/KT7UU=",
        "owner": "nix-community",
        "repo": "neovim-nightly-overlay",
        "rev": "02bc3920dc1b98a8e112d7e94692387a79b83203",
        "type": "github"
      },
      "original": {
        "owner": "nix-community",
        "repo": "neovim-nightly-overlay",
        "type": "github"
      }
    },
    "nix-homebrew": {
      "inputs": {
        "brew-src": "brew-src",
        "flake-utils": "flake-utils_2",
        "nix-darwin": [
          "darwin"
        ],
        "nixpkgs": [
          "nixpkgs"
        ]
      },
      "locked": {
        "lastModified": 1705952034,
        "narHash": "sha256-H0nk8Gk8kPw4yi2WwOTsSHgPrzSwyNgWEYHk10IJwfc=",
        "owner": "zhaofengli-wip",
        "repo": "nix-homebrew",
        "rev": "40f5ee46b58e7c5f1927e2c5a583dc3d7e571ed9",
        "type": "github"
      },
      "original": {
        "owner": "zhaofengli-wip",
        "repo": "nix-homebrew",
        "type": "github"
      }
    },
    "nixpkgs": {
      "locked": {
        "lastModified": 1711106783,
        "narHash": "sha256-PDwAcHahc6hEimyrgGmFdft75gmLrJOZ0txX7lFqq+I=",
        "owner": "NixOS",
        "repo": "nixpkgs",
        "rev": "a3ed7406349a9335cb4c2a71369b697cecd9d351",
        "type": "github"
      },
      "original": {
        "owner": "NixOS",
        "ref": "nixpkgs-unstable",
        "repo": "nixpkgs",
        "type": "github"
      }
    },
    "nixpkgs_2": {
      "locked": {
        "lastModified": 1710806803,
        "narHash": "sha256-qrxvLS888pNJFwJdK+hf1wpRCSQcqA6W5+Ox202NDa0=",
        "owner": "nixos",
        "repo": "nixpkgs",
        "rev": "b06025f1533a1e07b6db3e75151caa155d1c7eb3",
        "type": "github"
      },
      "original": {
        "owner": "nixos",
        "ref": "nixos-unstable",
        "repo": "nixpkgs",
        "type": "github"
      }
    },
    "root": {
      "inputs": {
        "darwin": "darwin",
        "home-manager": "home-manager",
        "homebrew-bundle": "homebrew-bundle",
        "homebrew-cask": "homebrew-cask",
        "homebrew-core": "homebrew-core",
        "neovim-nightly-overlay": "neovim-nightly-overlay",
        "nix-homebrew": "nix-homebrew",
        "nixpkgs": "nixpkgs_2"
      }
    },
    "systems": {
      "locked": {
        "lastModified": 1681028828,
        "narHash": "sha256-Vy1rq5AaRuLzOxct8nz4T6wlgyUR7zLU309k9mBC768=",
        "owner": "nix-systems",
        "repo": "default",
        "rev": "da67096a3b9bf56a91d16901293e51ba5b49a27e",
        "type": "github"
      },
      "original": {
        "owner": "nix-systems",
        "repo": "default",
        "type": "github"
      }
    },
    "systems_2": {
      "locked": {
        "lastModified": 1681028828,
        "narHash": "sha256-Vy1rq5AaRuLzOxct8nz4T6wlgyUR7zLU309k9mBC768=",
        "owner": "nix-systems",
        "repo": "default",
        "rev": "da67096a3b9bf56a91d16901293e51ba5b49a27e",
        "type": "github"
      },
      "original": {
        "owner": "nix-systems",
        "repo": "default",
        "type": "github"
      }
    }
  },
  "root": "root",
  "version": 7
}
