{
  "nodes": {
    "brew-src": {
      "flake": false,
      "locked": {
        "lastModified": 1716195221,
        "narHash": "sha256-u+zjC7efKD3gBD9aKXsUTEhRhBQhYlP+KPFp1QbsgOo=",
        "owner": "Homebrew",
        "repo": "brew",
        "rev": "e0bc557e7b991cb23583679e1cf1c8a92b793aeb",
        "type": "github"
      },
      "original": {
        "owner": "Homebrew",
        "ref": "4.3.1",
        "repo": "brew",
        "type": "github"
      }
    },
    "darwin": {
      "inputs": {
        "nixpkgs": [
          "nixpkgs"
        ]
      },
      "locked": {
        "lastModified": 1718662658,
        "narHash": "sha256-AKG7BsqtVWDlefgzyKz7vjaKTLi4+bmTSBhowbQoZtM=",
        "owner": "LnL7",
        "repo": "nix-darwin",
        "rev": "29b3096a6e283d7e6779187244cb2a3942239fdf",
        "type": "github"
      },
      "original": {
        "owner": "LnL7",
        "ref": "master",
        "repo": "nix-darwin",
        "type": "github"
      }
    },
    "flake-compat": {
      "flake": false,
      "locked": {
        "lastModified": 1696426674,
        "narHash": "sha256-kvjfFW7WAETZlt09AgDn1MrtKzP7t90Vf7vypd3OL1U=",
        "owner": "edolstra",
        "repo": "flake-compat",
        "rev": "0f9255e01c2351cc7d116c072cb317785dd33b33",
        "type": "github"
      },
      "original": {
        "owner": "edolstra",
        "repo": "flake-compat",
        "type": "github"
      }
    },
    "flake-compat_2": {
      "flake": false,
      "locked": {
        "lastModified": 1696426674,
        "narHash": "sha256-kvjfFW7WAETZlt09AgDn1MrtKzP7t90Vf7vypd3OL1U=",
        "owner": "edolstra",
        "repo": "flake-compat",
        "rev": "0f9255e01c2351cc7d116c072cb317785dd33b33",
        "type": "github"
      },
      "original": {
        "owner": "edolstra",
        "repo": "flake-compat",
        "type": "github"
      }
    },
    "flake-parts": {
      "inputs": {
        "nixpkgs-lib": [
          "neovim-nightly-overlay",
          "nixpkgs"
        ]
      },
      "locked": {
        "lastModified": 1717285511,
        "narHash": "sha256-iKzJcpdXih14qYVcZ9QC9XuZYnPc6T8YImb6dX166kw=",
        "owner": "hercules-ci",
        "repo": "flake-parts",
        "rev": "2a55567fcf15b1b1c7ed712a2c6fadaec7412ea8",
        "type": "github"
      },
      "original": {
        "owner": "hercules-ci",
        "repo": "flake-parts",
        "type": "github"
      }
    },
    "flake-parts_2": {
      "inputs": {
        "nixpkgs-lib": [
          "neovim-nightly-overlay",
          "hercules-ci-effects",
          "nixpkgs"
        ]
      },
      "locked": {
        "lastModified": 1712014858,
        "narHash": "sha256-sB4SWl2lX95bExY2gMFG5HIzvva5AVMJd4Igm+GpZNw=",
        "owner": "hercules-ci",
        "repo": "flake-parts",
        "rev": "9126214d0a59633752a136528f5f3b9aa8565b7d",
        "type": "github"
      },
      "original": {
        "id": "flake-parts",
        "type": "indirect"
      }
    },
    "flake-utils": {
      "inputs": {
        "systems": "systems"
      },
      "locked": {
        "lastModified": 1710146030,
        "narHash": "sha256-SZ5L6eA7HJ/nmkzGG7/ISclqe6oZdOZTNoesiInkXPQ=",
        "owner": "numtide",
        "repo": "flake-utils",
        "rev": "b1d9ab70662946ef0850d488da1c9019f3a9752a",
        "type": "github"
      },
      "original": {
        "owner": "numtide",
        "repo": "flake-utils",
        "type": "github"
      }
    },
    "git-hooks": {
      "inputs": {
        "flake-compat": "flake-compat_2",
        "gitignore": "gitignore",
        "nixpkgs": [
          "neovim-nightly-overlay",
          "nixpkgs"
        ],
        "nixpkgs-stable": [
          "neovim-nightly-overlay",
          "nixpkgs"
        ]
      },
      "locked": {
        "lastModified": 1718879355,
        "narHash": "sha256-RTyqP4fBX2MdhNuMP+fnR3lIwbdtXhyj7w7fwtvgspc=",
        "owner": "cachix",
        "repo": "git-hooks.nix",
        "rev": "8cd35b9496d21a6c55164d8547d9d5280162b07a",
        "type": "github"
      },
      "original": {
        "owner": "cachix",
        "repo": "git-hooks.nix",
        "type": "github"
      }
    },
    "gitignore": {
      "inputs": {
        "nixpkgs": [
          "neovim-nightly-overlay",
          "git-hooks",
          "nixpkgs"
        ]
      },
      "locked": {
        "lastModified": 1709087332,
        "narHash": "sha256-HG2cCnktfHsKV0s4XW83gU3F57gaTljL9KNSuG6bnQs=",
        "owner": "hercules-ci",
        "repo": "gitignore.nix",
        "rev": "637db329424fd7e46cf4185293b9cc8c88c95394",
        "type": "github"
      },
      "original": {
        "owner": "hercules-ci",
        "repo": "gitignore.nix",
        "type": "github"
      }
    },
    "hercules-ci-effects": {
      "inputs": {
        "flake-parts": "flake-parts_2",
        "nixpkgs": [
          "neovim-nightly-overlay",
          "nixpkgs"
        ]
      },
      "locked": {
        "lastModified": 1718018037,
        "narHash": "sha256-03rLBd/lKecgaKz0j5ESUf9lDn5R0SJatZTKLL5unWE=",
        "owner": "hercules-ci",
        "repo": "hercules-ci-effects",
        "rev": "0ab08b23ce3c3f75fe9a5598756b6fb8bcf0b414",
        "type": "github"
      },
      "original": {
        "owner": "hercules-ci",
        "repo": "hercules-ci-effects",
        "type": "github"
      }
    },
    "home-manager": {
      "inputs": {
        "nixpkgs": [
          "nixpkgs"
        ]
      },
      "locked": {
        "lastModified": 1718788307,
        "narHash": "sha256-SqiOz0sljM0GjyQEVinPXQxaGcbOXw5OgpCWGPgh/vo=",
        "owner": "nix-community",
        "repo": "home-manager",
        "rev": "d7830d05421d0ced83a0f007900898bdcaf2a2ca",
        "type": "github"
      },
      "original": {
        "owner": "nix-community",
        "repo": "home-manager",
        "type": "github"
      }
    },
    "homebrew-bundle": {
      "flake": false,
      "locked": {
        "lastModified": 1718846093,
        "narHash": "sha256-85nKhOzM3/6O5q23ZSnkQx4kAgy8bk+w6Vc5p3bJXYI=",
        "owner": "homebrew",
        "repo": "homebrew-bundle",
        "rev": "450cf7f8dc759556dc25424cb369a0e732067755",
        "type": "github"
      },
      "original": {
        "owner": "homebrew",
        "repo": "homebrew-bundle",
        "type": "github"
      }
    },
    "homebrew-cask": {
      "flake": false,
      "locked": {
        "lastModified": 1718935346,
        "narHash": "sha256-/CcF4y/GJ3+laEZBvcjk+SZ/pn12xxz6wIRJpJTnoLs=",
        "owner": "homebrew",
        "repo": "homebrew-cask",
        "rev": "6ee5faf4d48e3fb4428bca5eb1fd8a4b7bd2edba",
        "type": "github"
      },
      "original": {
        "owner": "homebrew",
        "repo": "homebrew-cask",
        "type": "github"
      }
    },
    "homebrew-core": {
      "flake": false,
      "locked": {
        "lastModified": 1718955541,
        "narHash": "sha256-0gSrQK90cjBaTm7X1ZxYfZgP80291FsGcrWgaghWK+E=",
        "owner": "homebrew",
        "repo": "homebrew-core",
        "rev": "4465032b218818d8f645e17e2cf45435964bd854",
        "type": "github"
      },
      "original": {
        "owner": "homebrew",
        "repo": "homebrew-core",
        "type": "github"
      }
    },
    "neovim-nightly-overlay": {
      "inputs": {
        "flake-compat": "flake-compat",
        "flake-parts": "flake-parts",
        "git-hooks": "git-hooks",
        "hercules-ci-effects": "hercules-ci-effects",
        "neovim-src": "neovim-src",
        "nixpkgs": "nixpkgs"
      },
      "locked": {
        "lastModified": 1718935491,
        "narHash": "sha256-Dk+ZTVu3CuVv4UPbif3GmR7eT3zAE/mQ+3UUvFHknKE=",
        "owner": "nix-community",
        "repo": "neovim-nightly-overlay",
        "rev": "cc2d148e283e05cce751c5cc50ce38bbc0589f61",
        "type": "github"
      },
      "original": {
        "owner": "nix-community",
        "repo": "neovim-nightly-overlay",
        "type": "github"
      }
    },
    "neovim-src": {
      "flake": false,
      "locked": {
        "lastModified": 1718890629,
        "narHash": "sha256-TLJ8xTHKgnbsMnlmfQ7eF5+aafjo5PlFQFF3mkrIsBs=",
        "owner": "neovim",
        "repo": "neovim",
        "rev": "0e3e1e6b6d8370f1fcc9887d5cb931b131450a1c",
        "type": "github"
      },
      "original": {
        "owner": "neovim",
        "repo": "neovim",
        "type": "github"
      }
    },
    "nix-homebrew": {
      "inputs": {
        "brew-src": "brew-src",
        "flake-utils": "flake-utils",
        "nix-darwin": [
          "darwin"
        ],
        "nixpkgs": [
          "nixpkgs"
        ]
      },
      "locked": {
        "lastModified": 1716838497,
        "narHash": "sha256-tkceXNn87z+uC08gvQCl7olSCS782EWdflgq0FkSKiw=",
        "owner": "zhaofengli",
        "repo": "nix-homebrew",
        "rev": "31e9c8105a3ffdc03829c8c195d385500760d309",
        "type": "github"
      },
      "original": {
        "owner": "zhaofengli",
        "repo": "nix-homebrew",
        "type": "github"
      }
    },
    "nixpkgs": {
      "locked": {
        "lastModified": 1718870667,
        "narHash": "sha256-jab3Kpc8O1z3qxwVsCMHL4+18n5Wy/HHKyu1fcsF7gs=",
        "owner": "NixOS",
        "repo": "nixpkgs",
        "rev": "9b10b8f00cb5494795e5f51b39210fed4d2b0748",
        "type": "github"
      },
      "original": {
        "owner": "NixOS",
        "ref": "nixpkgs-unstable",
        "repo": "nixpkgs",
        "type": "github"
      }
    },
    "nixpkgs_2": {
      "locked": {
        "lastModified": 1718714799,
        "narHash": "sha256-FUZpz9rg3gL8NVPKbqU8ei1VkPLsTIfAJ2fdAf5qjak=",
        "owner": "nixos",
        "repo": "nixpkgs",
        "rev": "c00d587b1a1afbf200b1d8f0b0e4ba9deb1c7f0e",
        "type": "github"
      },
      "original": {
        "owner": "nixos",
        "ref": "nixos-unstable",
        "repo": "nixpkgs",
        "type": "github"
      }
    },
    "root": {
      "inputs": {
        "darwin": "darwin",
        "home-manager": "home-manager",
        "homebrew-bundle": "homebrew-bundle",
        "homebrew-cask": "homebrew-cask",
        "homebrew-core": "homebrew-core",
        "neovim-nightly-overlay": "neovim-nightly-overlay",
        "nix-homebrew": "nix-homebrew",
        "nixpkgs": "nixpkgs_2"
      }
    },
    "systems": {
      "locked": {
        "lastModified": 1681028828,
        "narHash": "sha256-Vy1rq5AaRuLzOxct8nz4T6wlgyUR7zLU309k9mBC768=",
        "owner": "nix-systems",
        "repo": "default",
        "rev": "da67096a3b9bf56a91d16901293e51ba5b49a27e",
        "type": "github"
      },
      "original": {
        "owner": "nix-systems",
        "repo": "default",
        "type": "github"
      }
    }
  },
  "root": "root",
  "version": 7
}
