{
  "nodes": {
    "archon-tap": {
      "flake": false,
      "locked": {
        "lastModified": 1779976578,
        "narHash": "sha256-S0CeUNCNrVtDuaUzHDTnDWqPAz8zIJF5XDeqJq1toTw=",
        "owner": "coleam00",
        "repo": "homebrew-archon",
        "rev": "aa31fea8604dda45c988ded2782e6b5ee03fd298",
        "type": "github"
      },
      "original": {
        "owner": "coleam00",
        "repo": "homebrew-archon",
        "type": "github"
      }
    },
    "brew-src": {
      "flake": false,
      "locked": {
        "lastModified": 1781226006,
        "narHash": "sha256-w4ZTuOnhYiDxjaynrMTASzp802QblBWmo3wpB8wVN4Y=",
        "owner": "Homebrew",
        "repo": "brew",
        "rev": "109191be4988470b51a60a5ef1998520aa24c01b",
        "type": "github"
      },
      "original": {
        "owner": "Homebrew",
        "ref": "6.0.1",
        "repo": "brew",
        "type": "github"
      }
    },
    "claude-code": {
      "inputs": {
        "flake-utils": "flake-utils",
        "nixpkgs": "nixpkgs"
      },
      "locked": {
        "lastModified": 1781314818,
        "narHash": "sha256-76EizPNWUOPLqwg6OP1KnX7XE7FEdrsJ2zQQaRKLYT4=",
        "owner": "sadjow",
        "repo": "claude-code-nix",
        "rev": "7c3c4413d8dbe29762fb5a9cb5443c3a72a9e18a",
        "type": "github"
      },
      "original": {
        "owner": "sadjow",
        "repo": "claude-code-nix",
        "type": "github"
      }
    },
    "darwin": {
      "inputs": {
        "nixpkgs": [
          "nixpkgs"
        ]
      },
      "locked": {
        "lastModified": 1781242433,
        "narHash": "sha256-bchLZZ3sRn740zyvD2icZSnNoTaanN0nw7l6fjVXO+E=",
        "owner": "LnL7",
        "repo": "nix-darwin",
        "rev": "aabb2037edfc0f210723b72cd5f528aab5dd3f0b",
        "type": "github"
      },
      "original": {
        "owner": "LnL7",
        "ref": "master",
        "repo": "nix-darwin",
        "type": "github"
      }
    },
    "flake-parts": {
      "inputs": {
        "nixpkgs-lib": [
          "neovim-nightly-overlay",
          "nixpkgs"
        ]
      },
      "locked": {
        "lastModified": 1778716662,
        "narHash": "sha256-m1Yf0wZ8j1OHjTc2UwHwyQRSnNeSgLJOd7q5Y45hzi4=",
        "owner": "hercules-ci",
        "repo": "flake-parts",
        "rev": "f7c1a2d347e4c52d5fb8d10cb4d94b5884e546fb",
        "type": "github"
      },
      "original": {
        "owner": "hercules-ci",
        "repo": "flake-parts",
        "type": "github"
      }
    },
    "flake-parts_2": {
      "inputs": {
        "nixpkgs-lib": "nixpkgs-lib"
      },
      "locked": {
        "lastModified": 1754487366,
        "narHash": "sha256-pHYj8gUBapuUzKV/kN/tR3Zvqc7o6gdFB9XKXIp1SQ8=",
        "owner": "hercules-ci",
        "repo": "flake-parts",
        "rev": "af66ad14b28a127c5c0f3bbb298218fc63528a18",
        "type": "github"
      },
      "original": {
        "owner": "hercules-ci",
        "repo": "flake-parts",
        "type": "github"
      }
    },
    "flake-utils": {
      "inputs": {
        "systems": "systems"
      },
      "locked": {
        "lastModified": 1731533236,
        "narHash": "sha256-l0KFg5HjrsfsO/JpG+r7fRrqm12kzFHyUHqHCVpMMbI=",
        "owner": "numtide",
        "repo": "flake-utils",
        "rev": "11707dc2f618dd54ca8739b309ec4fc024de578b",
        "type": "github"
      },
      "original": {
        "owner": "numtide",
        "repo": "flake-utils",
        "type": "github"
      }
    },
    "gh-enhance": {
      "flake": false,
      "locked": {
        "lastModified": 1780823455,
        "narHash": "sha256-5EhZ7iWNoFYQnJK1aPHHW0jxDZCbZpKf8kb8bd9Z7HY=",
        "owner": "dlvhdr",
        "repo": "gh-enhance",
        "rev": "9b9dafa19abf0bbf803df389b3cf68cce4293520",
        "type": "github"
      },
      "original": {
        "owner": "dlvhdr",
        "repo": "gh-enhance",
        "type": "github"
      }
    },
    "hashicorp-tap": {
      "flake": false,
      "locked": {
        "lastModified": 1781301502,
        "narHash": "sha256-Nh6jZS1UTKdLLFzE2DkaxP4iOFax6EKVzuMt9MY1XKU=",
        "owner": "hashicorp",
        "repo": "homebrew-tap",
        "rev": "308973012f55ce709dd17d173497f0c4d60d30ba",
        "type": "github"
      },
      "original": {
        "owner": "hashicorp",
        "repo": "homebrew-tap",
        "type": "github"
      }
    },
    "home-manager": {
      "inputs": {
        "nixpkgs": [
          "nixpkgs"
        ]
      },
      "locked": {
        "lastModified": 1781365335,
        "narHash": "sha256-zqDBhXMzfbdlO7F2bGHe7MOtB3xngd/+4ieMHDC+ZXo=",
        "owner": "nix-community",
        "repo": "home-manager",
        "rev": "5b6f5733726a1b2ccafb5dec6ac4ca7299fad66c",
        "type": "github"
      },
      "original": {
        "owner": "nix-community",
        "repo": "home-manager",
        "type": "github"
      }
    },
    "homebrew-bundle": {
      "flake": false,
      "locked": {
        "lastModified": 1745335228,
        "narHash": "sha256-TIKR2UgtyUmHLNZp255/vLs+1I10hXe+sciMEbAGFwE=",
        "owner": "homebrew",
        "repo": "homebrew-bundle",
        "rev": "a3265c84b232e13048ecbf6fc18a2eedfadbeb08",
        "type": "github"
      },
      "original": {
        "owner": "homebrew",
        "repo": "homebrew-bundle",
        "type": "github"
      }
    },
    "homebrew-cask": {
      "flake": false,
      "locked": {
        "lastModified": 1781466095,
        "narHash": "sha256-OvQ4VfLlQZfHhkKbnIDG20JYKV3gpgnc8bP+5IVvHHo=",
        "owner": "homebrew",
        "repo": "homebrew-cask",
        "rev": "02fce4cc9d9001474dbea85d6d21e6580f7b1395",
        "type": "github"
      },
      "original": {
        "owner": "homebrew",
        "repo": "homebrew-cask",
        "type": "github"
      }
    },
    "homebrew-core": {
      "flake": false,
      "locked": {
        "lastModified": 1781473634,
        "narHash": "sha256-Ya+WKTd0mUtSnSFd8kDh9wegjKm0Oh0ErQiEz/0kLK8=",
        "owner": "homebrew",
        "repo": "homebrew-core",
        "rev": "42c101812c3ec75f8469179df9f6152af5e2879a",
        "type": "github"
      },
      "original": {
        "owner": "homebrew",
        "repo": "homebrew-core",
        "type": "github"
      }
    },
    "homebrew-sfmono-nerd-font": {
      "flake": false,
      "locked": {
        "lastModified": 1688258025,
        "narHash": "sha256-AYjKrVLISsJWXN6Cj74wXmbJtREkFDYOCRw1t2nVH2w=",
        "owner": "shaunsingh",
        "repo": "SFMono-Nerd-Font-Ligaturized",
        "rev": "dc5a3e6fcc2e16ad476b7be3c3c17c2273b260ea",
        "type": "github"
      },
      "original": {
        "owner": "shaunsingh",
        "repo": "SFMono-Nerd-Font-Ligaturized",
        "type": "github"
      }
    },
    "neovim-nightly-overlay": {
      "inputs": {
        "flake-parts": "flake-parts",
        "neovim-src": "neovim-src",
        "nixpkgs": "nixpkgs_2"
      },
      "locked": {
        "lastModified": 1781395489,
        "narHash": "sha256-ld6NO2vmsMlhIWR0FiErScDwAPU/qoklYIO3RH1Cja8=",
        "owner": "nix-community",
        "repo": "neovim-nightly-overlay",
        "rev": "f76ad0e7ec9d947dcdfe3a511ace2f346994b4a0",
        "type": "github"
      },
      "original": {
        "owner": "nix-community",
        "repo": "neovim-nightly-overlay",
        "type": "github"
      }
    },
    "neovim-src": {
      "flake": false,
      "locked": {
        "lastModified": 1781386628,
        "narHash": "sha256-4gqN17Kuob9x+mGmbBLLj3Jg1Ean/HPvRiY6M/GWgnk=",
        "owner": "neovim",
        "repo": "neovim",
        "rev": "37239e724e9362c11fcd6c4e0af73bf74ff1c295",
        "type": "github"
      },
      "original": {
        "owner": "neovim",
        "repo": "neovim",
        "type": "github"
      }
    },
    "nix-homebrew": {
      "inputs": {
        "brew-src": "brew-src"
      },
      "locked": {
        "lastModified": 1781389246,
        "narHash": "sha256-ORqLAo/hoJdsZC7UPAuEHev6S0+XIqKEC7vjo5prz1k=",
        "owner": "zhaofengli",
        "repo": "nix-homebrew",
        "rev": "de7953a08ed4bb9245be043e468561c17b89130d",
        "type": "github"
      },
      "original": {
        "owner": "zhaofengli",
        "repo": "nix-homebrew",
        "type": "github"
      }
    },
    "nixpkgs": {
      "locked": {
        "lastModified": 1781229721,
        "narHash": "sha256-ORvqDbb/LYxiJljGIejapjkc/kJbVote2N1WSb9W45I=",
        "owner": "NixOS",
        "repo": "nixpkgs",
        "rev": "173d0ad7a974f8543a9ab01d2271b2e290341b33",
        "type": "github"
      },
      "original": {
        "owner": "NixOS",
        "ref": "nixpkgs-unstable",
        "repo": "nixpkgs",
        "type": "github"
      }
    },
    "nixpkgs-lib": {
      "locked": {
        "lastModified": 1753579242,
        "narHash": "sha256-zvaMGVn14/Zz8hnp4VWT9xVnhc8vuL3TStRqwk22biA=",
        "owner": "nix-community",
        "repo": "nixpkgs.lib",
        "rev": "0f36c44e01a6129be94e3ade315a5883f0228a6e",
        "type": "github"
      },
      "original": {
        "owner": "nix-community",
        "repo": "nixpkgs.lib",
        "type": "github"
      }
    },
    "nixpkgs_2": {
      "locked": {
        "lastModified": 1781268102,
        "narHash": "sha256-Zn5KTggEmUB3lXn/ccERNcBdddE6IaOFber9dWViWDg=",
        "owner": "NixOS",
        "repo": "nixpkgs",
        "rev": "49a4bd0573c376468dd7996ddb6f9fa31d8c4d97",
        "type": "github"
      },
      "original": {
        "owner": "NixOS",
        "ref": "nixpkgs-unstable",
        "repo": "nixpkgs",
        "type": "github"
      }
    },
    "nixpkgs_3": {
      "locked": {
        "lastModified": 1781074563,
        "narHash": "sha256-md8WlXOlfnIeHeOScMTTHFyf2d6iaTwPl2apR5EQ3P4=",
        "owner": "nixos",
        "repo": "nixpkgs",
        "rev": "9ae611a455b90cf061d8f332b977e387bda8e1ca",
        "type": "github"
      },
      "original": {
        "owner": "nixos",
        "ref": "nixos-unstable",
        "repo": "nixpkgs",
        "type": "github"
      }
    },
    "nixpkgs_4": {
      "locked": {
        "lastModified": 1755577059,
        "narHash": "sha256-5hYhxIpco8xR+IpP3uU56+4+Bw7mf7EMyxS/HqUYHQY=",
        "owner": "NixOS",
        "repo": "nixpkgs",
        "rev": "97eb7ee0da337d385ab015a23e15022c865be75c",
        "type": "github"
      },
      "original": {
        "owner": "NixOS",
        "ref": "nixpkgs-unstable",
        "repo": "nixpkgs",
        "type": "github"
      }
    },
    "retlehs-tap": {
      "flake": false,
      "locked": {
        "lastModified": 1780176838,
        "narHash": "sha256-kO4nWBa1/z6+aJ16cXCvw2CO3PeY05FY1vuHo7+yxpY=",
        "owner": "retlehs",
        "repo": "homebrew-tap",
        "rev": "a1d9fb15f641b4ae6e02233dad676fa3cefbc26a",
        "type": "github"
      },
      "original": {
        "owner": "retlehs",
        "repo": "homebrew-tap",
        "type": "github"
      }
    },
    "root": {
      "inputs": {
        "archon-tap": "archon-tap",
        "claude-code": "claude-code",
        "darwin": "darwin",
        "gh-enhance": "gh-enhance",
        "hashicorp-tap": "hashicorp-tap",
        "home-manager": "home-manager",
        "homebrew-bundle": "homebrew-bundle",
        "homebrew-cask": "homebrew-cask",
        "homebrew-core": "homebrew-core",
        "homebrew-sfmono-nerd-font": "homebrew-sfmono-nerd-font",
        "neovim-nightly-overlay": "neovim-nightly-overlay",
        "nix-homebrew": "nix-homebrew",
        "nixpkgs": "nixpkgs_3",
        "retlehs-tap": "retlehs-tap",
        "try": "try"
      }
    },
    "systems": {
      "locked": {
        "lastModified": 1681028828,
        "narHash": "sha256-Vy1rq5AaRuLzOxct8nz4T6wlgyUR7zLU309k9mBC768=",
        "owner": "nix-systems",
        "repo": "default",
        "rev": "da67096a3b9bf56a91d16901293e51ba5b49a27e",
        "type": "github"
      },
      "original": {
        "owner": "nix-systems",
        "repo": "default",
        "type": "github"
      }
    },
    "try": {
      "inputs": {
        "flake-parts": "flake-parts_2",
        "nixpkgs": "nixpkgs_4"
      },
      "locked": {
        "lastModified": 1773156643,
        "narHash": "sha256-yDPQAI/3M1AFsNxBklM5lq8uQwHPr6ryZJBgC2aXGfQ=",
        "owner": "tobi",
        "repo": "try",
        "rev": "08ca3e7abc5e0015c9af38d9a2ff65d4fc3c3950",
        "type": "github"
      },
      "original": {
        "owner": "tobi",
        "repo": "try",
        "type": "github"
      }
    }
  },
  "root": "root",
  "version": 7
}
